// !$*UTF8*$!
{
	archiveVersion = 1;
	classes = {
	};
	objectVersion = 46;
	objects = {

/* Begin PBXBuildFile section */
		AA6715121F2EC71100DCEB80 /* AppDelegate.swift in Sources */ = {isa = PBXBuildFile; fileRef = AA6715111F2EC71100DCEB80 /* AppDelegate.swift */; };
		AA6715141F2EC71100DCEB80 /* ViewController.swift in Sources */ = {isa = PBXBuildFile; fileRef = AA6715131F2EC71100DCEB80 /* ViewController.swift */; };
		AA6715171F2EC71100DCEB80 /* Main.storyboard in Resources */ = {isa = PBXBuildFile; fileRef = AA6715151F2EC71100DCEB80 /* Main.storyboard */; };
		AA6715191F2EC71100DCEB80 /* Assets.xcassets in Resources */ = {isa = PBXBuildFile; fileRef = AA6715181F2EC71100DCEB80 /* Assets.xcassets */; };
		AA67151C1F2EC71100DCEB80 /* LaunchScreen.storyboard in Resources */ = {isa = PBXBuildFile; fileRef = AA67151A1F2EC71100DCEB80 /* LaunchScreen.storyboard */; };
		AA6715271F2EC71100DCEB80 /* Tic_Tac_ToeTests.swift in Sources */ = {isa = PBXBuildFile; fileRef = AA6715261F2EC71100DCEB80 /* Tic_Tac_ToeTests.swift */; };
		AA6715341F2F3CB500DCEB80 /* XOImageView.swift in Sources */ = {isa = PBXBuildFile; fileRef = AA6715331F2F3CB500DCEB80 /* XOImageView.swift */; };
		AA6715361F31D27F00DCEB80 /* DrawLine.swift in Sources */ = {isa = PBXBuildFile; fileRef = AA6715351F31D27E00DCEB80 /* DrawLine.swift */; };
		AA6715391F31F29200DCEB80 /* sounds in Resources */ = {isa = PBXBuildFile; fileRef = AA6715381F31F29200DCEB80 /* sounds */; };
/* End PBXBuildFile section */

/* Begin PBXContainerItemProxy section */
		AA6715231F2EC71100DCEB80 /* PBXContainerItemProxy */ = {
			isa = PBXContainerItemProxy;
			containerPortal = AA6715061F2EC71100DCEB80 /* Project object */;
			proxyType = 1;
			remoteGlobalIDString = AA67150D1F2EC71100DCEB80;
			remoteInfo = "Tic-Tac-Toe";
		};
/* End PBXContainerItemProxy section */

/* Begin PBXFileReference section */
		AA67150E1F2EC71100DCEB80 /* Tic-Tac-Toe.app */ = {isa = PBXFileReference; explicitFileType = wrapper.application; includeInIndex = 0; path = "Tic-Tac-Toe.app"; sourceTree = BUILT_PRODUCTS_DIR; };
		AA6715111F2EC71100DCEB80 /* AppDelegate.swift */ = {isa = PBXFileReference; lastKnownFileType = sourcecode.swift; path = AppDelegate.swift; sourceTree = "<group>"; };
		AA6715131F2EC71100DCEB80 /* ViewController.swift */ = {isa = PBXFileReference; lastKnownFileType = sourcecode.swift; path = ViewController.swift; sourceTree = "<group>"; };
		AA6715161F2EC71100DCEB80 /* Base */ = {isa = PBXFileReference; lastKnownFileType = file.storyboard; name = Base; path = Base.lproj/Main.storyboard; sourceTree = "<group>"; };
		AA6715181F2EC71100DCEB80 /* Assets.xcassets */ = {isa = PBXFileReference; lastKnownFileType = folder.assetcatalog; path = Assets.xcassets; sourceTree = "<group>"; };
		AA67151B1F2EC71100DCEB80 /* Base */ = {isa = PBXFileReference; lastKnownFileType = file.storyboard; name = Base; path = Base.lproj/LaunchScreen.storyboard; sourceTree = "<group>"; };
		AA67151D1F2EC71100DCEB80 /* Info.plist */ = {isa = PBXFileReference; lastKnownFileType = text.plist.xml; path = Info.plist; sourceTree = "<group>"; };
		AA6715221F2EC71100DCEB80 /* Tic-Tac-ToeTests.xctest */ = {isa = PBXFileReference; explicitFileType = wrapper.cfbundle; includeInIndex = 0; path = "Tic-Tac-ToeTests.xctest"; sourceTree = BUILT_PRODUCTS_DIR; };
		AA6715261F2EC71100DCEB80 /* Tic_Tac_ToeTests.swift */ = {isa = PBXFileReference; lastKnownFileType = sourcecode.swift; path = Tic_Tac_ToeTests.swift; sourceTree = "<group>"; };
		AA6715281F2EC71100DCEB80 /* Info.plist */ = {isa = PBXFileReference; lastKnownFileType = text.plist.xml; path = Info.plist; sourceTree = "<group>"; };
		AA6715331F2F3CB500DCEB80 /* XOImageView.swift */ = {isa = PBXFileReference; fileEncoding = 4; lastKnownFileType = sourcecode.swift; path = XOImageView.swift; sourceTree = "<group>"; };
		AA6715351F31D27E00DCEB80 /* DrawLine.swift */ = {isa = PBXFileReference; fileEncoding = 4; lastKnownFileType = sourcecode.swift; path = DrawLine.swift; sourceTree = "<group>"; };
		AA6715381F31F29200DCEB80 /* sounds */ = {isa = PBXFileReference; lastKnownFileType = folder; path = sounds; sourceTree = "<group>"; };
/* End PBXFileReference section */

/* Begin PBXFrameworksBuildPhase section */
		AA67150B1F2EC71100DCEB80 /* Frameworks */ = {
			isa = PBXFrameworksBuildPhase;
			buildActionMask = 2147483647;
			files = (
			);
			runOnlyForDeploymentPostprocessing = 0;
		};
		AA67151F1F2EC71100DCEB80 /* Frameworks */ = {
			isa = PBXFrameworksBuildPhase;
			buildActionMask = 2147483647;
			files = (
			);
			runOnlyForDeploymentPostprocessing = 0;
		};
/* End PBXFrameworksBuildPhase section */

/* Begin PBXGroup section */
		AA6715051F2EC71100DCEB80 = {
			isa = PBXGroup;
			children = (
				AA6715101F2EC71100DCEB80 /* Tic-Tac-Toe */,
				AA6715251F2EC71100DCEB80 /* Tic-Tac-ToeTests */,
				AA67150F1F2EC71100DCEB80 /* Products */,
			);
			sourceTree = "<group>";
		};
		AA67150F1F2EC71100DCEB80 /* Products */ = {
			isa = PBXGroup;
			children = (
				AA67150E1F2EC71100DCEB80 /* Tic-Tac-Toe.app */,
				AA6715221F2EC71100DCEB80 /* Tic-Tac-ToeTests.xctest */,
			);
			name = Products;
			sourceTree = "<group>";
		};
		AA6715101F2EC71100DCEB80 /* Tic-Tac-Toe */ = {
			isa = PBXGroup;
			children = (
				AA6715351F31D27E00DCEB80 /* DrawLine.swift */,
				AA6715111F2EC71100DCEB80 /* AppDelegate.swift */,
				AA6715131F2EC71100DCEB80 /* ViewController.swift */,
				AA6715331F2F3CB500DCEB80 /* XOImageView.swift */,
				AA6715151F2EC71100DCEB80 /* Main.storyboard */,
				AA6715181F2EC71100DCEB80 /* Assets.xcassets */,
				AA6715381F31F29200DCEB80 /* sounds */,
				AA67151A1F2EC71100DCEB80 /* LaunchScreen.storyboard */,
				AA67151D1F2EC71100DCEB80 /* Info.plist */,
			);
			path = "Tic-Tac-Toe";
			sourceTree = "<group>";
		};
		AA6715251F2EC71100DCEB80 /* Tic-Tac-ToeTests */ = {
			isa = PBXGroup;
			children = (
				AA6715261F2EC71100DCEB80 /* Tic_Tac_ToeTests.swift */,
				AA6715281F2EC71100DCEB80 /* Info.plist */,
			);
			path = "Tic-Tac-ToeTests";
			sourceTree = "<group>";
		};
/* End PBXGroup section */

/* Begin PBXNativeTarget section */
		AA67150D1F2EC71100DCEB80 /* Tic-Tac-Toe */ = {
			isa = PBXNativeTarget;
			buildConfigurationList = AA67152B1F2EC71100DCEB80 /* Build configuration list for PBXNativeTarget "Tic-Tac-Toe" */;
			buildPhases = (
				AA67150A1F2EC71100DCEB80 /* Sources */,
				AA67150B1F2EC71100DCEB80 /* Frameworks */,
				AA67150C1F2EC71100DCEB80 /* Resources */,
			);
			buildRules = (
			);
			dependencies = (
			);
			name = "Tic-Tac-Toe";
			productName = "Tic-Tac-Toe";
			productReference = AA67150E1F2EC71100DCEB80 /* Tic-Tac-Toe.app */;
			productType = "com.apple.product-type.application";
		};
		AA6715211F2EC71100DCEB80 /* Tic-Tac-ToeTests */ = {
			isa = PBXNativeTarget;
			buildConfigurationList = AA67152E1F2EC71100DCEB80 /* Build configuration list for PBXNativeTarget "Tic-Tac-ToeTests" */;
			buildPhases = (
				AA67151E1F2EC71100DCEB80 /* Sources */,
				AA67151F1F2EC71100DCEB80 /* Frameworks */,
				AA6715201F2EC71100DCEB80 /* Resources */,
			);
			buildRules = (
			);
			dependencies = (
				AA6715241F2EC71100DCEB80 /* PBXTargetDependency */,
			);
			name = "Tic-Tac-ToeTests";
			productName = "Tic-Tac-ToeTests";
			productReference = AA6715221F2EC71100DCEB80 /* Tic-Tac-ToeTests.xctest */;
			productType = "com.apple.product-type.bundle.unit-test";
		};
/* End PBXNativeTarget section */

/* Begin PBXProject section */
		AA6715061F2EC71100DCEB80 /* Project object */ = {
			isa = PBXProject;
			attributes = {
				LastSwiftUpdateCheck = 0830;
				LastUpgradeCheck = 0830;
				ORGANIZATIONNAME = "Samantha Rey";
				TargetAttributes = {
					AA67150D1F2EC71100DCEB80 = {
						CreatedOnToolsVersion = 8.3.3;
						DevelopmentTeam = NHMU5UC8U7;
						ProvisioningStyle = Automatic;
					};
					AA6715211F2EC71100DCEB80 = {
						CreatedOnToolsVersion = 8.3.3;
						DevelopmentTeam = NHMU5UC8U7;
						ProvisioningStyle = Automatic;
						TestTargetID = AA67150D1F2EC71100DCEB80;
					};
				};
			};
			buildConfigurationList = AA6715091F2EC71100DCEB80 /* Build configuration list for PBXProject "Tic-Tac-Toe" */;
			compatibilityVersion = "Xcode 3.2";
			developmentRegion = English;
			hasScannedForEncodings = 0;
			knownRegions = (
				en,
				Base,
			);
			mainGroup = AA6715051F2EC71100DCEB80;
			productRefGroup = AA67150F1F2EC71100DCEB80 /* Products */;
			projectDirPath = "";
			projectRoot = "";
			targets = (
				AA67150D1F2EC71100DCEB80 /* Tic-Tac-Toe */,
				AA6715211F2EC71100DCEB80 /* Tic-Tac-ToeTests */,
			);
		};
/* End PBXProject section */

/* Begin PBXResourcesBuildPhase section */
		AA67150C1F2EC71100DCEB80 /* Resources */ = {
			isa = PBXResourcesBuildPhase;
			buildActionMask = 2147483647;
			files = (
				AA67151C1F2EC71100DCEB80 /* LaunchScreen.storyboard in Resources */,
				AA6715191F2EC71100DCEB80 /* Assets.xcassets in Resources */,
				AA6715391F31F29200DCEB80 /* sounds in Resources */,
				AA6715171F2EC71100DCEB80 /* Main.storyboard in Resources */,
			);
			runOnlyForDeploymentPostprocessing = 0;
		};
		AA6715201F2EC71100DCEB80 /* Resources */ = {
			isa = PBXResourcesBuildPhase;
			buildActionMask = 2147483647;
			files = (
			);
			runOnlyForDeploymentPostprocessing = 0;
		};
/* End PBXResourcesBuildPhase section */

/* Begin PBXSourcesBuildPhase section */
		AA67150A1F2EC71100DCEB80 /* Sources */ = {
			isa = PBXSourcesBuildPhase;
			buildActionMask = 2147483647;
			files = (
				AA6715341F2F3CB500DCEB80 /* XOImageView.swift in Sources */,
				AA6715141F2EC71100DCEB80 /* ViewController.swift in Sources */,
				AA6715121F2EC71100DCEB80 /* AppDelegate.swift in Sources */,
				AA6715361F31D27F00DCEB80 /* DrawLine.swift in Sources */,
			);
			runOnlyForDeploymentPostprocessing = 0;
		};
		AA67151E1F2EC71100DCEB80 /* Sources */ = {
			isa = PBXSourcesBuildPhase;
			buildActionMask = 2147483647;
			files = (
				AA6715271F2EC71100DCEB80 /* Tic_Tac_ToeTests.swift in Sources */,
			);
			runOnlyForDeploymentPostprocessing = 0;
		};
/* End PBXSourcesBuildPhase section */

/* Begin PBXTargetDependency section */
		AA6715241F2EC71100DCEB80 /* PBXTargetDependency */ = {
			isa = PBXTargetDependency;
			target = AA67150D1F2EC71100DCEB80 /* Tic-Tac-Toe */;
			targetProxy = AA6715231F2EC71100DCEB80 /* PBXContainerItemProxy */;
		};
/* End PBXTargetDependency section */

/* Begin PBXVariantGroup section */
		AA6715151F2EC71100DCEB80 /* Main.storyboard */ = {
			isa = PBXVariantGroup;
			children = (
				AA6715161F2EC71100DCEB80 /* Base */,
			);
			name = Main.storyboard;
			sourceTree = "<group>";
		};
		AA67151A1F2EC71100DCEB80 /* LaunchScreen.storyboard */ = {
			isa = PBXVariantGroup;
			children = (
				AA67151B1F2EC71100DCEB80 /* Base */,
			);
			name = LaunchScreen.storyboard;
			sourceTree = "<group>";
		};
/* End PBXVariantGroup section */

/* Begin XCBuildConfiguration section */
		AA6715291F2EC71100DCEB80 /* Debug */ = {
			isa = XCBuildConfiguration;
			buildSettings = {
				ALWAYS_SEARCH_USER_PATHS = NO;
				CLANG_ANALYZER_NONNULL = YES;
				CLANG_ANALYZER_NUMBER_OBJECT_CONVERSION = YES_AGGRESSIVE;
				CLANG_CXX_LANGUAGE_STANDARD = "gnu++0x";
				CLANG_CXX_LIBRARY = "libc++";
				CLANG_ENABLE_MODULES = YES;
				CLANG_ENABLE_OBJC_ARC = YES;
				CLANG_WARN_BOOL_CONVERSION = YES;
				CLANG_WARN_CONSTANT_CONVERSION = YES;
				CLANG_WARN_DIRECT_OBJC_ISA_USAGE = YES_ERROR;
				CLANG_WARN_DOCUMENTATION_COMMENTS = YES;
				CLANG_WARN_EMPTY_BODY = YES;
				CLANG_WARN_ENUM_CONVERSION = YES;
				CLANG_WARN_INFINITE_RECURSION = YES;
				CLANG_WARN_INT_CONVERSION = YES;
				CLANG_WARN_OBJC_ROOT_CLASS = YES_ERROR;
				CLANG_WARN_SUSPICIOUS_MOVE = YES;
				CLANG_WARN_UNREACHABLE_CODE = YES;
				CLANG_WARN__DUPLICATE_METHOD_MATCH = YES;
				"CODE_SIGN_IDENTITY[sdk=iphoneos*]" = "iPhone Developer";
				COPY_PHASE_STRIP = NO;
				DEBUG_INFORMATION_FORMAT = dwarf;
				ENABLE_STRICT_OBJC_MSGSEND = YES;
				ENABLE_TESTABILITY = YES;
				GCC_C_LANGUAGE_STANDARD = gnu99;
				GCC_DYNAMIC_NO_PIC = NO;
				GCC_NO_COMMON_BLOCKS = YES;
				GCC_OPTIMIZATION_LEVEL = 0;
				GCC_PREPROCESSOR_DEFINITIONS = (
					"DEBUG=1",
					"$(inherited)",
				);
				GCC_WARN_64_TO_32_BIT_CONVERSION = YES;
				GCC_WARN_ABOUT_RETURN_TYPE = YES_ERROR;
				GCC_WARN_UNDECLARED_SELECTOR = YES;
				GCC_WARN_UNINITIALIZED_AUTOS = YES_AGGRESSIVE;
				GCC_WARN_UNUSED_FUNCTION = YES;
				GCC_WARN_UNUSED_VARIABLE = YES;
				IPHONEOS_DEPLOYMENT_TARGET = 10.3;
				MTL_ENABLE_DEBUG_INFO = YES;
				ONLY_ACTIVE_ARCH = YES;
				SDKROOT = iphoneos;
				SWIFT_ACTIVE_COMPILATION_CONDITIONS = DEBUG;
				SWIFT_OPTIMIZATION_LEVEL = "-Onone";
			};
			name = Debug;
		};
		AA67152A1F2EC71100DCEB80 /* Release */ = {
			isa = XCBuildConfiguration;
			buildSettings = {
				ALWAYS_SEARCH_USER_PATHS = NO;
				CLANG_ANALYZER_NONNULL = YES;
				CLANG_ANALYZER_NUMBER_OBJECT_CONVERSION = YES_AGGRESSIVE;
				CLANG_CXX_LANGUAGE_STANDARD = "gnu++0x";
				CLANG_CXX_LIBRARY = "libc++";
				CLANG_ENABLE_MODULES = YES;
				CLANG_ENABLE_OBJC_ARC = YES;
				CLANG_WARN_BOOL_CONVERSION = YES;
				CLANG_WARN_CONSTANT_CONVERSION = YES;
				CLANG_WARN_DIRECT_OBJC_ISA_USAGE = YES_ERROR;
				CLANG_WARN_DOCUMENTATION_COMMENTS = YES;
				CLANG_WARN_EMPTY_BODY = YES;
				CLANG_WARN_ENUM_CONVERSION = YES;
				CLANG_WARN_INFINITE_RECURSION = YES;
				CLANG_WARN_INT_CONVERSION = YES;
				CLANG_WARN_OBJC_ROOT_CLASS = YES_ERROR;
				CLANG_WARN_SUSPICIOUS_MOVE = YES;
				CLANG_WARN_UNREACHABLE_CODE = YES;
				CLANG_WARN__DUPLICATE_METHOD_MATCH = YES;
				"CODE_SIGN_IDENTITY[sdk=iphoneos*]" = "iPhone Developer";
				COPY_PHASE_STRIP = NO;
				DEBUG_INFORMATION_FORMAT = "dwarf-with-dsym";
				ENABLE_NS_ASSERTIONS = NO;
				ENABLE_STRICT_OBJC_MSGSEND = YES;
				GCC_C_LANGUAGE_STANDARD = gnu99;
				GCC_NO_COMMON_BLOCKS = YES;
				GCC_WARN_64_TO_32_BIT_CONVERSION = YES;
				GCC_WARN_ABOUT_RETURN_TYPE = YES_ERROR;
				GCC_WARN_UNDECLARED_SELECTOR = YES;
				GCC_WARN_UNINITIALIZED_AUTOS = YES_AGGRESSIVE;
				GCC_WARN_UNUSED_FUNCTION = YES;
				GCC_WARN_UNUSED_VARIABLE = YES;
				IPHONEOS_DEPLOYMENT_TARGET = 10.3;
				MTL_ENABLE_DEBUG_INFO = NO;
				SDKROOT = iphoneos;
				SWIFT_OPTIMIZATION_LEVEL = "-Owholemodule";
				VALIDATE_PRODUCT = YES;
			};
			name = Release;
		};
		AA67152C1F2EC71100DCEB80 /* Debug */ = {
			isa = XCBuildConfiguration;
			buildSettings = {
				ASSETCATALOG_COMPILER_APPICON_NAME = AppIcon;
				DEVELOPMENT_TEAM = NHMU5UC8U7;
				INFOPLIST_FILE = "Tic-Tac-Toe/Info.plist";
				LD_RUNPATH_SEARCH_PATHS = "$(inherited) @executable_path/Frameworks";
				PRODUCT_BUNDLE_IDENTIFIER = "com.example.Tic-Tac-Toe";
				PRODUCT_NAME = "$(TARGET_NAME)";
				SWIFT_VERSION = 3.0;
			};
			name = Debug;
		};
		AA67152D1F2EC71100DCEB80 /* Release */ = {
			isa = XCBuildConfiguration;
			buildSettings = {
				ASSETCATALOG_COMPILER_APPICON_NAME = AppIcon;
				DEVELOPMENT_TEAM = NHMU5UC8U7;
				INFOPLIST_FILE = "Tic-Tac-Toe/Info.plist";
				LD_RUNPATH_SEARCH_PATHS = "$(inherited) @executable_path/Frameworks";
				PRODUCT_BUNDLE_IDENTIFIER = "com.example.Tic-Tac-Toe";
				PRODUCT_NAME = "$(TARGET_NAME)";
				SWIFT_VERSION = 3.0;
			};
			name = Release;
		};
		AA67152F1F2EC71100DCEB80 /* Debug */ = {
			isa = XCBuildConfiguration;
			buildSettings = {
				ALWAYS_EMBED_SWIFT_STANDARD_LIBRARIES = YES;
				BUNDLE_LOADER = "$(TEST_HOST)";
				DEVELOPMENT_TEAM = NHMU5UC8U7;
				INFOPLIST_FILE = "Tic-Tac-ToeTests/Info.plist";
				LD_RUNPATH_SEARCH_PATHS = "$(inherited) @executable_path/Frameworks @loader_path/Frameworks";
				PRODUCT_BUNDLE_IDENTIFIER = "com.example.Tic-Tac-ToeTests";
				PRODUCT_NAME = "$(TARGET_NAME)";
				SWIFT_VERSION = 3.0;
				TEST_HOST = "$(BUILT_PRODUCTS_DIR)/Tic-Tac-Toe.app/Tic-Tac-Toe";
			};
			name = Debug;
		};
		AA6715301F2EC71100DCEB80 /* Release */ = {
			isa = XCBuildConfiguration;
			buildSettings = {
				ALWAYS_EMBED_SWIFT_STANDARD_LIBRARIES = YES;
				BUNDLE_LOADER = "$(TEST_HOST)";
				DEVELOPMENT_TEAM = NHMU5UC8U7;
				INFOPLIST_FILE = "Tic-Tac-ToeTests/Info.plist";
				LD_RUNPATH_SEARCH_PATHS = "$(inherited) @executable_path/Frameworks @loader_path/Frameworks";
				PRODUCT_BUNDLE_IDENTIFIER = "com.example.Tic-Tac-ToeTests";
				PRODUCT_NAME = "$(TARGET_NAME)";
				SWIFT_VERSION = 3.0;
				TEST_HOST = "$(BUILT_PRODUCTS_DIR)/Tic-Tac-Toe.app/Tic-Tac-Toe";
			};
			name = Release;
		};
/* End XCBuildConfiguration section */

/* Begin XCConfigurationList section */
		AA6715091F2EC71100DCEB80 /* Build configuration list for PBXProject "Tic-Tac-Toe" */ = {
			isa = XCConfigurationList;
			buildConfigurations = (
				AA6715291F2EC71100DCEB80 /* Debug */,
				AA67152A1F2EC71100DCEB80 /* Release */,
			);
			defaultConfigurationIsVisible = 0;
			defaultConfigurationName = Release;
		};
		AA67152B1F2EC71100DCEB80 /* Build configuration list for PBXNativeTarget "Tic-Tac-Toe" */ = {
			isa = XCConfigurationList;
			buildConfigurations = (
				AA67152C1F2EC71100DCEB80 /* Debug */,
				AA67152D1F2EC71100DCEB80 /* Release */,
			);
			defaultConfigurationIsVisible = 0;
		};
		AA67152E1F2EC71100DCEB80 /* Build configuration list for PBXNativeTarget "Tic-Tac-ToeTests" */ = {
			isa = XCConfigurationList;
			buildConfigurations = (
				AA67152F1F2EC71100DCEB80 /* Debug */,
				AA6715301F2EC71100DCEB80 /* Release */,
			);
			defaultConfigurationIsVisible = 0;
		};
/* End XCConfigurationList section */
	};
	rootObject = AA6715061F2EC71100DCEB80 /* Project object */;
}
